// !$*UTF8*$!
{
	archiveVersion = 1;
	classes = {
	};
	objectVersion = 50;
	objects = {

/* Begin PBXBuildFile section */
		B6500B9D2315228F00E43B1A /* DocumentsViewController.swift in Sources */ = {isa = PBXBuildFile; fileRef = B6500B9C2315228F00E43B1A /* DocumentsViewController.swift */; };
		B6500B9F231525C900E43B1A /* DocumentTableViewCell.swift in Sources */ = {isa = PBXBuildFile; fileRef = B6500B9E231525C900E43B1A /* DocumentTableViewCell.swift */; };
		B6500BA2231526DC00E43B1A /* Document.swift in Sources */ = {isa = PBXBuildFile; fileRef = B6500BA1231526DC00E43B1A /* Document.swift */; };
		B6500BA72315292B00E43B1A /* UploadTableViewCell.swift in Sources */ = {isa = PBXBuildFile; fileRef = B6500BA62315292B00E43B1A /* UploadTableViewCell.swift */; };
		B6500BA92315294400E43B1A /* UploadViewController.swift in Sources */ = {isa = PBXBuildFile; fileRef = B6500BA82315294400E43B1A /* UploadViewController.swift */; };
		B6500BAB2315295000E43B1A /* Upload.swift in Sources */ = {isa = PBXBuildFile; fileRef = B6500BAA2315295000E43B1A /* Upload.swift */; };
		B6500BAD23157BBC00E43B1A /* Documents.storyboard in Resources */ = {isa = PBXBuildFile; fileRef = B6500BAC23157BBC00E43B1A /* Documents.storyboard */; };
		B6500BAF23157CE200E43B1A /* Upload.storyboard in Resources */ = {isa = PBXBuildFile; fileRef = B6500BAE23157CE200E43B1A /* Upload.storyboard */; };
		B6500BB1231F265300E43B1A /* Gemfile in Resources */ = {isa = PBXBuildFile; fileRef = B6500BB0231F265300E43B1A /* Gemfile */; };
		B6500BB3231F271600E43B1A /* Podfile in Resources */ = {isa = PBXBuildFile; fileRef = B6500BB2231F271600E43B1A /* Podfile */; };
		B6500BB8231F3BED00E43B1A /* .swiftlint.yml in Resources */ = {isa = PBXBuildFile; fileRef = B6500BB7231F3BED00E43B1A /* .swiftlint.yml */; };
		B6500BBA231F3C7600E43B1A /* .gitignore in Resources */ = {isa = PBXBuildFile; fileRef = B6500BB9231F3C7600E43B1A /* .gitignore */; };
		B6500BBC231F6FD500E43B1A /* DocumentSaver.swift in Sources */ = {isa = PBXBuildFile; fileRef = B6500BBB231F6FD500E43B1A /* DocumentSaver.swift */; };
		B6500BBF232288C200E43B1A /* Settings.storyboard in Resources */ = {isa = PBXBuildFile; fileRef = B6500BBE232288C200E43B1A /* Settings.storyboard */; };
		B6500BC523228FBC00E43B1A /* SettingsViewController.swift in Sources */ = {isa = PBXBuildFile; fileRef = B6500BC423228FBC00E43B1A /* SettingsViewController.swift */; };
		B69D9B7D2330BCB30044350C /* Notification.Name.swift in Sources */ = {isa = PBXBuildFile; fileRef = B69D9B7C2330BCB30044350C /* Notification.Name.swift */; };
		B69D9B7F233114B80044350C /* Podfile.lock in Resources */ = {isa = PBXBuildFile; fileRef = B69D9B7E233114B80044350C /* Podfile.lock */; };
		B69D9B81233114DE0044350C /* Gemfile.lock in Resources */ = {isa = PBXBuildFile; fileRef = B69D9B80233114DE0044350C /* Gemfile.lock */; };
		B69D9B8323314A790044350C /* Settings.swift in Sources */ = {isa = PBXBuildFile; fileRef = B69D9B8223314A790044350C /* Settings.swift */; };
		B69D9B8723318CD70044350C /* DocumentPreviewController.swift in Sources */ = {isa = PBXBuildFile; fileRef = B69D9B8623318CD70044350C /* DocumentPreviewController.swift */; };
		B69D9B8A23339EE20044350C /* README.md in Resources */ = {isa = PBXBuildFile; fileRef = B69D9B8923339EE20044350C /* README.md */; };
		B6DCF4CB23151CF5006EE0D8 /* AppDelegate.swift in Sources */ = {isa = PBXBuildFile; fileRef = B6DCF4CA23151CF5006EE0D8 /* AppDelegate.swift */; };
		B6DCF4D023151CF5006EE0D8 /* Main.storyboard in Resources */ = {isa = PBXBuildFile; fileRef = B6DCF4CE23151CF5006EE0D8 /* Main.storyboard */; };
		B6DCF4D223151CF7006EE0D8 /* Assets.xcassets in Resources */ = {isa = PBXBuildFile; fileRef = B6DCF4D123151CF7006EE0D8 /* Assets.xcassets */; };
		B6DCF4D523151CF7006EE0D8 /* LaunchScreen.storyboard in Resources */ = {isa = PBXBuildFile; fileRef = B6DCF4D323151CF7006EE0D8 /* LaunchScreen.storyboard */; };
/* End PBXBuildFile section */

/* Begin PBXFileReference section */
		4CB69BCAC6BDB5EA54535F83 /* Pods-MyFileNavigator.debug.xcconfig */ = {isa = PBXFileReference; includeInIndex = 1; lastKnownFileType = text.xcconfig; name = "Pods-MyFileNavigator.debug.xcconfig"; path = "Target Support Files/Pods-MyFileNavigator/Pods-MyFileNavigator.debug.xcconfig"; sourceTree = "<group>"; };
		B52D3AF9F2C6FDE0EDD0B3CB /* Pods-MyFileNavigator.release.xcconfig */ = {isa = PBXFileReference; includeInIndex = 1; lastKnownFileType = text.xcconfig; name = "Pods-MyFileNavigator.release.xcconfig"; path = "Target Support Files/Pods-MyFileNavigator/Pods-MyFileNavigator.release.xcconfig"; sourceTree = "<group>"; };
		B6500B9C2315228F00E43B1A /* DocumentsViewController.swift */ = {isa = PBXFileReference; lastKnownFileType = sourcecode.swift; path = DocumentsViewController.swift; sourceTree = "<group>"; };
		B6500B9E231525C900E43B1A /* DocumentTableViewCell.swift */ = {isa = PBXFileReference; lastKnownFileType = sourcecode.swift; path = DocumentTableViewCell.swift; sourceTree = "<group>"; };
		B6500BA1231526DC00E43B1A /* Document.swift */ = {isa = PBXFileReference; lastKnownFileType = sourcecode.swift; path = Document.swift; sourceTree = "<group>"; };
		B6500BA62315292B00E43B1A /* UploadTableViewCell.swift */ = {isa = PBXFileReference; lastKnownFileType = sourcecode.swift; path = UploadTableViewCell.swift; sourceTree = "<group>"; };
		B6500BA82315294400E43B1A /* UploadViewController.swift */ = {isa = PBXFileReference; lastKnownFileType = sourcecode.swift; path = UploadViewController.swift; sourceTree = "<group>"; };
		B6500BAA2315295000E43B1A /* Upload.swift */ = {isa = PBXFileReference; lastKnownFileType = sourcecode.swift; path = Upload.swift; sourceTree = "<group>"; };
		B6500BAC23157BBC00E43B1A /* Documents.storyboard */ = {isa = PBXFileReference; lastKnownFileType = file.storyboard; path = Documents.storyboard; sourceTree = "<group>"; };
		B6500BAE23157CE200E43B1A /* Upload.storyboard */ = {isa = PBXFileReference; lastKnownFileType = file.storyboard; path = Upload.storyboard; sourceTree = "<group>"; };
		B6500BB0231F265300E43B1A /* Gemfile */ = {isa = PBXFileReference; fileEncoding = 4; lastKnownFileType = text; path = Gemfile; sourceTree = "<group>"; xcLanguageSpecificationIdentifier = xcode.lang.ruby; };
		B6500BB2231F271600E43B1A /* Podfile */ = {isa = PBXFileReference; lastKnownFileType = text; path = Podfile; sourceTree = "<group>"; xcLanguageSpecificationIdentifier = xcode.lang.ruby; };
		B6500BB7231F3BED00E43B1A /* .swiftlint.yml */ = {isa = PBXFileReference; lastKnownFileType = text; path = .swiftlint.yml; sourceTree = "<group>"; };
		B6500BB9231F3C7600E43B1A /* .gitignore */ = {isa = PBXFileReference; lastKnownFileType = text; path = .gitignore; sourceTree = "<group>"; };
		B6500BBB231F6FD500E43B1A /* DocumentSaver.swift */ = {isa = PBXFileReference; lastKnownFileType = sourcecode.swift; path = DocumentSaver.swift; sourceTree = "<group>"; };
		B6500BBE232288C200E43B1A /* Settings.storyboard */ = {isa = PBXFileReference; lastKnownFileType = file.storyboard; path = Settings.storyboard; sourceTree = "<group>"; };
		B6500BC423228FBC00E43B1A /* SettingsViewController.swift */ = {isa = PBXFileReference; lastKnownFileType = sourcecode.swift; path = SettingsViewController.swift; sourceTree = "<group>"; };
		B69D9B7C2330BCB30044350C /* Notification.Name.swift */ = {isa = PBXFileReference; lastKnownFileType = sourcecode.swift; path = Notification.Name.swift; sourceTree = "<group>"; };
		B69D9B7E233114B80044350C /* Podfile.lock */ = {isa = PBXFileReference; fileEncoding = 4; lastKnownFileType = text; path = Podfile.lock; sourceTree = "<group>"; };
		B69D9B80233114DE0044350C /* Gemfile.lock */ = {isa = PBXFileReference; fileEncoding = 4; lastKnownFileType = text; path = Gemfile.lock; sourceTree = "<group>"; };
		B69D9B8223314A790044350C /* Settings.swift */ = {isa = PBXFileReference; lastKnownFileType = sourcecode.swift; path = Settings.swift; sourceTree = "<group>"; };
		B69D9B8623318CD70044350C /* DocumentPreviewController.swift */ = {isa = PBXFileReference; lastKnownFileType = sourcecode.swift; path = DocumentPreviewController.swift; sourceTree = "<group>"; };
		B69D9B8923339EE20044350C /* README.md */ = {isa = PBXFileReference; lastKnownFileType = net.daringfireball.markdown; path = README.md; sourceTree = "<group>"; };
		B6DCF4C723151CF5006EE0D8 /* MyFileNavigator.app */ = {isa = PBXFileReference; explicitFileType = wrapper.application; includeInIndex = 0; path = MyFileNavigator.app; sourceTree = BUILT_PRODUCTS_DIR; };
		B6DCF4CA23151CF5006EE0D8 /* AppDelegate.swift */ = {isa = PBXFileReference; lastKnownFileType = sourcecode.swift; path = AppDelegate.swift; sourceTree = "<group>"; };
		B6DCF4CF23151CF5006EE0D8 /* Base */ = {isa = PBXFileReference; lastKnownFileType = file.storyboard; name = Base; path = Base.lproj/Main.storyboard; sourceTree = "<group>"; };
		B6DCF4D123151CF7006EE0D8 /* Assets.xcassets */ = {isa = PBXFileReference; lastKnownFileType = folder.assetcatalog; path = Assets.xcassets; sourceTree = "<group>"; };
		B6DCF4D423151CF7006EE0D8 /* Base */ = {isa = PBXFileReference; lastKnownFileType = file.storyboard; name = Base; path = Base.lproj/LaunchScreen.storyboard; sourceTree = "<group>"; };
		B6DCF4D623151CF7006EE0D8 /* Info.plist */ = {isa = PBXFileReference; lastKnownFileType = text.plist.xml; path = Info.plist; sourceTree = "<group>"; };
/* End PBXFileReference section */

/* Begin PBXFrameworksBuildPhase section */
		B6DCF4C423151CF5006EE0D8 /* Frameworks */ = {
			isa = PBXFrameworksBuildPhase;
			buildActionMask = 2147483647;
			files = (
			);
			runOnlyForDeploymentPostprocessing = 0;
		};
/* End PBXFrameworksBuildPhase section */

/* Begin PBXGroup section */
		30EBAEFDA37C1F6ED9DF412C /* Pods */ = {
			isa = PBXGroup;
			children = (
				4CB69BCAC6BDB5EA54535F83 /* Pods-MyFileNavigator.debug.xcconfig */,
				B52D3AF9F2C6FDE0EDD0B3CB /* Pods-MyFileNavigator.release.xcconfig */,
			);
			path = Pods;
			sourceTree = "<group>";
		};
		B6500BA0231526BD00E43B1A /* Documents */ = {
			isa = PBXGroup;
			children = (
				B6500B9C2315228F00E43B1A /* DocumentsViewController.swift */,
				B6500BBB231F6FD500E43B1A /* DocumentSaver.swift */,
				B6500B9E231525C900E43B1A /* DocumentTableViewCell.swift */,
				B6500BA1231526DC00E43B1A /* Document.swift */,
				B6500BAC23157BBC00E43B1A /* Documents.storyboard */,
				B69D9B8623318CD70044350C /* DocumentPreviewController.swift */,
			);
			path = Documents;
			sourceTree = "<group>";
		};
		B6500BA52315290700E43B1A /* Upload */ = {
			isa = PBXGroup;
			children = (
				B6500BA62315292B00E43B1A /* UploadTableViewCell.swift */,
				B6500BA82315294400E43B1A /* UploadViewController.swift */,
				B6500BAA2315295000E43B1A /* Upload.swift */,
				B6500BAE23157CE200E43B1A /* Upload.storyboard */,
			);
			path = Upload;
			sourceTree = "<group>";
		};
		B6500BBD232288A900E43B1A /* Settings */ = {
			isa = PBXGroup;
			children = (
				B6500BBE232288C200E43B1A /* Settings.storyboard */,
				B6500BC423228FBC00E43B1A /* SettingsViewController.swift */,
				B69D9B8223314A790044350C /* Settings.swift */,
			);
			path = Settings;
			sourceTree = "<group>";
		};
		B69D9B7B2330BC930044350C /* Extensions */ = {
			isa = PBXGroup;
			children = (
				B69D9B7C2330BCB30044350C /* Notification.Name.swift */,
			);
			path = Extensions;
			sourceTree = "<group>";
		};
		B6DCF4BE23151CF5006EE0D8 = {
			isa = PBXGroup;
			children = (
				B6500BB7231F3BED00E43B1A /* .swiftlint.yml */,
				B6500BB9231F3C7600E43B1A /* .gitignore */,
				B69D9B80233114DE0044350C /* Gemfile.lock */,
				B6500BB0231F265300E43B1A /* Gemfile */,
				B6500BB2231F271600E43B1A /* Podfile */,
				B69D9B7E233114B80044350C /* Podfile.lock */,
				B69D9B8923339EE20044350C /* README.md */,
				B6DCF4C923151CF5006EE0D8 /* MyFileNavigator */,
				B6DCF4C823151CF5006EE0D8 /* Products */,
				30EBAEFDA37C1F6ED9DF412C /* Pods */,
			);
			sourceTree = "<group>";
		};
		B6DCF4C823151CF5006EE0D8 /* Products */ = {
			isa = PBXGroup;
			children = (
				B6DCF4C723151CF5006EE0D8 /* MyFileNavigator.app */,
			);
			name = Products;
			sourceTree = "<group>";
		};
		B6DCF4C923151CF5006EE0D8 /* MyFileNavigator */ = {
			isa = PBXGroup;
			children = (
				B69D9B7B2330BC930044350C /* Extensions */,
				B6500BBD232288A900E43B1A /* Settings */,
				B6500BA52315290700E43B1A /* Upload */,
				B6500BA0231526BD00E43B1A /* Documents */,
				B6DCF4CA23151CF5006EE0D8 /* AppDelegate.swift */,
				B6DCF4CE23151CF5006EE0D8 /* Main.storyboard */,
				B6DCF4D123151CF7006EE0D8 /* Assets.xcassets */,
				B6DCF4D323151CF7006EE0D8 /* LaunchScreen.storyboard */,
				B6DCF4D623151CF7006EE0D8 /* Info.plist */,
			);
			path = MyFileNavigator;
			sourceTree = "<group>";
		};
/* End PBXGroup section */

/* Begin PBXNativeTarget section */
		B6DCF4C623151CF5006EE0D8 /* MyFileNavigator */ = {
			isa = PBXNativeTarget;
			buildConfigurationList = B6DCF4D923151CF7006EE0D8 /* Build configuration list for PBXNativeTarget "MyFileNavigator" */;
			buildPhases = (
				05E795427726F7BD36B4AE57 /* [CP] Check Pods Manifest.lock */,
				B6DCF4C323151CF5006EE0D8 /* Sources */,
				B6DCF4C423151CF5006EE0D8 /* Frameworks */,
				B6DCF4C523151CF5006EE0D8 /* Resources */,
				B6500BB4231F2A4700E43B1A /* ShellScript */,
			);
			buildRules = (
			);
			dependencies = (
			);
			name = MyFileNavigator;
			productName = MyFileNavigator;
			productReference = B6DCF4C723151CF5006EE0D8 /* MyFileNavigator.app */;
			productType = "com.apple.product-type.application";
		};
/* End PBXNativeTarget section */

/* Begin PBXProject section */
		B6DCF4BF23151CF5006EE0D8 /* Project object */ = {
			isa = PBXProject;
			attributes = {
				LastSwiftUpdateCheck = 1030;
				LastUpgradeCheck = 1030;
				ORGANIZATIONNAME = "Vladislav Petrov";
				TargetAttributes = {
					B6DCF4C623151CF5006EE0D8 = {
						CreatedOnToolsVersion = 10.3;
					};
				};
			};
			buildConfigurationList = B6DCF4C223151CF5006EE0D8 /* Build configuration list for PBXProject "MyFileNavigator" */;
			compatibilityVersion = "Xcode 9.3";
			developmentRegion = en;
			hasScannedForEncodings = 0;
			knownRegions = (
				en,
				Base,
			);
			mainGroup = B6DCF4BE23151CF5006EE0D8;
			productRefGroup = B6DCF4C823151CF5006EE0D8 /* Products */;
			projectDirPath = "";
			projectRoot = "";
			targets = (
				B6DCF4C623151CF5006EE0D8 /* MyFileNavigator */,
			);
		};
/* End PBXProject section */

/* Begin PBXResourcesBuildPhase section */
		B6DCF4C523151CF5006EE0D8 /* Resources */ = {
			isa = PBXResourcesBuildPhase;
			buildActionMask = 2147483647;
			files = (
				B69D9B81233114DE0044350C /* Gemfile.lock in Resources */,
				B6500BB8231F3BED00E43B1A /* .swiftlint.yml in Resources */,
				B6500BB1231F265300E43B1A /* Gemfile in Resources */,
				B6500BAF23157CE200E43B1A /* Upload.storyboard in Resources */,
				B69D9B8A23339EE20044350C /* README.md in Resources */,
				B6DCF4D523151CF7006EE0D8 /* LaunchScreen.storyboard in Resources */,
				B6500BAD23157BBC00E43B1A /* Documents.storyboard in Resources */,
				B6DCF4D223151CF7006EE0D8 /* Assets.xcassets in Resources */,
				B69D9B7F233114B80044350C /* Podfile.lock in Resources */,
				B6500BB3231F271600E43B1A /* Podfile in Resources */,
				B6500BBA231F3C7600E43B1A /* .gitignore in Resources */,
				B6DCF4D023151CF5006EE0D8 /* Main.storyboard in Resources */,
				B6500BBF232288C200E43B1A /* Settings.storyboard in Resources */,
			);
			runOnlyForDeploymentPostprocessing = 0;
		};
/* End PBXResourcesBuildPhase section */

/* Begin PBXShellScriptBuildPhase section */
		05E795427726F7BD36B4AE57 /* [CP] Check Pods Manifest.lock */ = {
			isa = PBXShellScriptBuildPhase;
			buildActionMask = 2147483647;
			files = (
			);
			inputFileListPaths = (
			);
			inputPaths = (
				"${PODS_PODFILE_DIR_PATH}/Podfile.lock",
				"${PODS_ROOT}/Manifest.lock",
			);
			name = "[CP] Check Pods Manifest.lock";
			outputFileListPaths = (
			);
			outputPaths = (
				"$(DERIVED_FILE_DIR)/Pods-MyFileNavigator-checkManifestLockResult.txt",
			);
			runOnlyForDeploymentPostprocessing = 0;
			shellPath = /bin/sh;
			shellScript = "diff \"${PODS_PODFILE_DIR_PATH}/Podfile.lock\" \"${PODS_ROOT}/Manifest.lock\" > /dev/null\nif [ $? != 0 ] ; then\n    # print error to STDERR\n    echo \"error: The sandbox is not in sync with the Podfile.lock. Run 'pod install' or update your CocoaPods installation.\" >&2\n    exit 1\nfi\n# This output is used by Xcode 'outputs' to avoid re-running this script phase.\necho \"SUCCESS\" > \"${SCRIPT_OUTPUT_FILE_0}\"\n";
			showEnvVarsInLog = 0;
		};
		B6500BB4231F2A4700E43B1A /* ShellScript */ = {
			isa = PBXShellScriptBuildPhase;
			buildActionMask = 2147483647;
			files = (
			);
			inputFileListPaths = (
			);
			inputPaths = (
			);
			outputFileListPaths = (
			);
			outputPaths = (
			);
			runOnlyForDeploymentPostprocessing = 0;
			shellPath = /bin/sh;
			shellScript = "\"${PODS_ROOT}/SwiftLint/swiftlint\"\n";
		};
/* End PBXShellScriptBuildPhase section */

/* Begin PBXSourcesBuildPhase section */
		B6DCF4C323151CF5006EE0D8 /* Sources */ = {
			isa = PBXSourcesBuildPhase;
			buildActionMask = 2147483647;
			files = (
				B6500BAB2315295000E43B1A /* Upload.swift in Sources */,
				B6500BA2231526DC00E43B1A /* Document.swift in Sources */,
				B6500BBC231F6FD500E43B1A /* DocumentSaver.swift in Sources */,
				B6500BC523228FBC00E43B1A /* SettingsViewController.swift in Sources */,
				B6500BA92315294400E43B1A /* UploadViewController.swift in Sources */,
				B6500B9D2315228F00E43B1A /* DocumentsViewController.swift in Sources */,
				B69D9B7D2330BCB30044350C /* Notification.Name.swift in Sources */,
				B6500B9F231525C900E43B1A /* DocumentTableViewCell.swift in Sources */,
				B6500BA72315292B00E43B1A /* UploadTableViewCell.swift in Sources */,
				B69D9B8323314A790044350C /* Settings.swift in Sources */,
				B6DCF4CB23151CF5006EE0D8 /* AppDelegate.swift in Sources */,
				B69D9B8723318CD70044350C /* DocumentPreviewController.swift in Sources */,
			);
			runOnlyForDeploymentPostprocessing = 0;
		};
/* End PBXSourcesBuildPhase section */

/* Begin PBXVariantGroup section */
		B6DCF4CE23151CF5006EE0D8 /* Main.storyboard */ = {
			isa = PBXVariantGroup;
			children = (
				B6DCF4CF23151CF5006EE0D8 /* Base */,
			);
			name = Main.storyboard;
			sourceTree = "<group>";
		};
		B6DCF4D323151CF7006EE0D8 /* LaunchScreen.storyboard */ = {
			isa = PBXVariantGroup;
			children = (
				B6DCF4D423151CF7006EE0D8 /* Base */,
			);
			name = LaunchScreen.storyboard;
			sourceTree = "<group>";
		};
/* End PBXVariantGroup section */

/* Begin XCBuildConfiguration section */
		B6DCF4D723151CF7006EE0D8 /* Debug */ = {
			isa = XCBuildConfiguration;
			buildSettings = {
				ALWAYS_SEARCH_USER_PATHS = NO;
				CLANG_ANALYZER_NONNULL = YES;
				CLANG_ANALYZER_NUMBER_OBJECT_CONVERSION = YES_AGGRESSIVE;
				CLANG_CXX_LANGUAGE_STANDARD = "gnu++14";
				CLANG_CXX_LIBRARY = "libc++";
				CLANG_ENABLE_MODULES = YES;
				CLANG_ENABLE_OBJC_ARC = YES;
				CLANG_ENABLE_OBJC_WEAK = YES;
				CLANG_WARN_BLOCK_CAPTURE_AUTORELEASING = YES;
				CLANG_WARN_BOOL_CONVERSION = YES;
				CLANG_WARN_COMMA = YES;
				CLANG_WARN_CONSTANT_CONVERSION = YES;
				CLANG_WARN_DEPRECATED_OBJC_IMPLEMENTATIONS = YES;
				CLANG_WARN_DIRECT_OBJC_ISA_USAGE = YES_ERROR;
				CLANG_WARN_DOCUMENTATION_COMMENTS = YES;
				CLANG_WARN_EMPTY_BODY = YES;
				CLANG_WARN_ENUM_CONVERSION = YES;
				CLANG_WARN_INFINITE_RECURSION = YES;
				CLANG_WARN_INT_CONVERSION = YES;
				CLANG_WARN_NON_LITERAL_NULL_CONVERSION = YES;
				CLANG_WARN_OBJC_IMPLICIT_RETAIN_SELF = YES;
				CLANG_WARN_OBJC_LITERAL_CONVERSION = YES;
				CLANG_WARN_OBJC_ROOT_CLASS = YES_ERROR;
				CLANG_WARN_RANGE_LOOP_ANALYSIS = YES;
				CLANG_WARN_STRICT_PROTOTYPES = YES;
				CLANG_WARN_SUSPICIOUS_MOVE = YES;
				CLANG_WARN_UNGUARDED_AVAILABILITY = YES_AGGRESSIVE;
				CLANG_WARN_UNREACHABLE_CODE = YES;
				CLANG_WARN__DUPLICATE_METHOD_MATCH = YES;
				CODE_SIGN_IDENTITY = "iPhone Developer";
				COPY_PHASE_STRIP = NO;
				DEBUG_INFORMATION_FORMAT = dwarf;
				ENABLE_STRICT_OBJC_MSGSEND = YES;
				ENABLE_TESTABILITY = YES;
				GCC_C_LANGUAGE_STANDARD = gnu11;
				GCC_DYNAMIC_NO_PIC = NO;
				GCC_NO_COMMON_BLOCKS = YES;
				GCC_OPTIMIZATION_LEVEL = 0;
				GCC_PREPROCESSOR_DEFINITIONS = (
					"DEBUG=1",
					"$(inherited)",
				);
				GCC_WARN_64_TO_32_BIT_CONVERSION = YES;
				GCC_WARN_ABOUT_RETURN_TYPE = YES_ERROR;
				GCC_WARN_UNDECLARED_SELECTOR = YES;
				GCC_WARN_UNINITIALIZED_AUTOS = YES_AGGRESSIVE;
				GCC_WARN_UNUSED_FUNCTION = YES;
				GCC_WARN_UNUSED_VARIABLE = YES;
				IPHONEOS_DEPLOYMENT_TARGET = 12.4;
				MTL_ENABLE_DEBUG_INFO = INCLUDE_SOURCE;
				MTL_FAST_MATH = YES;
				ONLY_ACTIVE_ARCH = YES;
				SDKROOT = iphoneos;
				SWIFT_ACTIVE_COMPILATION_CONDITIONS = DEBUG;
				SWIFT_OPTIMIZATION_LEVEL = "-Onone";
			};
			name = Debug;
		};
		B6DCF4D823151CF7006EE0D8 /* Release */ = {
			isa = XCBuildConfiguration;
			buildSettings = {
				ALWAYS_SEARCH_USER_PATHS = NO;
				CLANG_ANALYZER_NONNULL = YES;
				CLANG_ANALYZER_NUMBER_OBJECT_CONVERSION = YES_AGGRESSIVE;
				CLANG_CXX_LANGUAGE_STANDARD = "gnu++14";
				CLANG_CXX_LIBRARY = "libc++";
				CLANG_ENABLE_MODULES = YES;
				CLANG_ENABLE_OBJC_ARC = YES;
				CLANG_ENABLE_OBJC_WEAK = YES;
				CLANG_WARN_BLOCK_CAPTURE_AUTORELEASING = YES;
				CLANG_WARN_BOOL_CONVERSION = YES;
				CLANG_WARN_COMMA = YES;
				CLANG_WARN_CONSTANT_CONVERSION = YES;
				CLANG_WARN_DEPRECATED_OBJC_IMPLEMENTATIONS = YES;
				CLANG_WARN_DIRECT_OBJC_ISA_USAGE = YES_ERROR;
				CLANG_WARN_DOCUMENTATION_COMMENTS = YES;
				CLANG_WARN_EMPTY_BODY = YES;
				CLANG_WARN_ENUM_CONVERSION = YES;
				CLANG_WARN_INFINITE_RECURSION = YES;
				CLANG_WARN_INT_CONVERSION = YES;
				CLANG_WARN_NON_LITERAL_NULL_CONVERSION = YES;
				CLANG_WARN_OBJC_IMPLICIT_RETAIN_SELF = YES;
				CLANG_WARN_OBJC_LITERAL_CONVERSION = YES;
				CLANG_WARN_OBJC_ROOT_CLASS = YES_ERROR;
				CLANG_WARN_RANGE_LOOP_ANALYSIS = YES;
				CLANG_WARN_STRICT_PROTOTYPES = YES;
				CLANG_WARN_SUSPICIOUS_MOVE = YES;
				CLANG_WARN_UNGUARDED_AVAILABILITY = YES_AGGRESSIVE;
				CLANG_WARN_UNREACHABLE_CODE = YES;
				CLANG_WARN__DUPLICATE_METHOD_MATCH = YES;
				CODE_SIGN_IDENTITY = "iPhone Developer";
				COPY_PHASE_STRIP = NO;
				DEBUG_INFORMATION_FORMAT = "dwarf-with-dsym";
				ENABLE_NS_ASSERTIONS = NO;
				ENABLE_STRICT_OBJC_MSGSEND = YES;
				GCC_C_LANGUAGE_STANDARD = gnu11;
				GCC_NO_COMMON_BLOCKS = YES;
				GCC_WARN_64_TO_32_BIT_CONVERSION = YES;
				GCC_WARN_ABOUT_RETURN_TYPE = YES_ERROR;
				GCC_WARN_UNDECLARED_SELECTOR = YES;
				GCC_WARN_UNINITIALIZED_AUTOS = YES_AGGRESSIVE;
				GCC_WARN_UNUSED_FUNCTION = YES;
				GCC_WARN_UNUSED_VARIABLE = YES;
				IPHONEOS_DEPLOYMENT_TARGET = 12.4;
				MTL_ENABLE_DEBUG_INFO = NO;
				MTL_FAST_MATH = YES;
				SDKROOT = iphoneos;
				SWIFT_COMPILATION_MODE = wholemodule;
				SWIFT_OPTIMIZATION_LEVEL = "-O";
				VALIDATE_PRODUCT = YES;
			};
			name = Release;
		};
		B6DCF4DA23151CF7006EE0D8 /* Debug */ = {
			isa = XCBuildConfiguration;
			baseConfigurationReference = 4CB69BCAC6BDB5EA54535F83 /* Pods-MyFileNavigator.debug.xcconfig */;
			buildSettings = {
				ASSETCATALOG_COMPILER_APPICON_NAME = AppIcon;
				CODE_SIGN_STYLE = Automatic;
				DEVELOPMENT_TEAM = XAZ245NZ54;
				INFOPLIST_FILE = MyFileNavigator/Info.plist;
				LD_RUNPATH_SEARCH_PATHS = (
					"$(inherited)",
					"@executable_path/Frameworks",
				);
				PRODUCT_BUNDLE_IDENTIFIER = Home.MyFileNavigator;
				PRODUCT_NAME = "$(TARGET_NAME)";
				SWIFT_VERSION = 5.0;
				TARGETED_DEVICE_FAMILY = "1,2";
			};
			name = Debug;
		};
		B6DCF4DB23151CF7006EE0D8 /* Release */ = {
			isa = XCBuildConfiguration;
			baseConfigurationReference = B52D3AF9F2C6FDE0EDD0B3CB /* Pods-MyFileNavigator.release.xcconfig */;
			buildSettings = {
				ASSETCATALOG_COMPILER_APPICON_NAME = AppIcon;
				CODE_SIGN_STYLE = Automatic;
				DEVELOPMENT_TEAM = XAZ245NZ54;
				INFOPLIST_FILE = MyFileNavigator/Info.plist;
				LD_RUNPATH_SEARCH_PATHS = (
					"$(inherited)",
					"@executable_path/Frameworks",
				);
				PRODUCT_BUNDLE_IDENTIFIER = Home.MyFileNavigator;
				PRODUCT_NAME = "$(TARGET_NAME)";
				SWIFT_VERSION = 5.0;
				TARGETED_DEVICE_FAMILY = "1,2";
			};
			name = Release;
		};
/* End XCBuildConfiguration section */

/* Begin XCConfigurationList section */
		B6DCF4C223151CF5006EE0D8 /* Build configuration list for PBXProject "MyFileNavigator" */ = {
			isa = XCConfigurationList;
			buildConfigurations = (
				B6DCF4D723151CF7006EE0D8 /* Debug */,
				B6DCF4D823151CF7006EE0D8 /* Release */,
			);
			defaultConfigurationIsVisible = 0;
			defaultConfigurationName = Release;
		};
		B6DCF4D923151CF7006EE0D8 /* Build configuration list for PBXNativeTarget "MyFileNavigator" */ = {
			isa = XCConfigurationList;
			buildConfigurations = (
				B6DCF4DA23151CF7006EE0D8 /* Debug */,
				B6DCF4DB23151CF7006EE0D8 /* Release */,
			);
			defaultConfigurationIsVisible = 0;
			defaultConfigurationName = Release;
		};
/* End XCConfigurationList section */
	};
	rootObject = B6DCF4BF23151CF5006EE0D8 /* Project object */;
}
